
Microsoft Visual Studio Solution File, Format Version 12.00
# Visual Studio 15
VisualStudioVersion = 15.0.28307.329
MinimumVisualStudioVersion = 10.0.40219.1
Project("{FAE04EC0-301F-11D3-BF4B-00C04F79EFBC}") = "NewRentCar", "NewRentCar\NewRentCar.csproj", "{C24B692B-CB56-4E83-99B0-779F476874BD}"
EndProject
Project("{FAE04EC0-301F-11D3-BF4B-00C04F79EFBC}") = "FirmaClassLibrary", "FirmaClassLibrary\FirmaClassLibrary.csproj", "{6AC024CA-76C9-4B78-8CDF-376A5BEEAC33}"
EndProject
Global
	GlobalSection(SolutionConfigurationPlatforms) = preSolution
		Debug|Any CPU = Debug|Any CPU
		Release|Any CPU = Release|Any CPU
	EndGlobalSection
	GlobalSection(ProjectConfigurationPlatforms) = postSolution
		{C24B692B-CB56-4E83-99B0-779F476874BD}.Debug|Any CPU.ActiveCfg = Debug|Any CPU
		{C24B692B-CB56-4E83-99B0-779F476874BD}.Debug|Any CPU.Build.0 = Debug|Any CPU
		{C24B692B-CB56-4E83-99B0-779F476874BD}.Release|Any CPU.ActiveCfg = Release|Any CPU
		{C24B692B-CB56-4E83-99B0-779F476874BD}.Release|Any CPU.Build.0 = Release|Any CPU
		{6AC024CA-76C9-4B78-8CDF-376A5BEEAC33}.Debug|Any CPU.ActiveCfg = Debug|Any CPU
		{6AC024CA-76C9-4B78-8CDF-376A5BEEAC33}.Debug|Any CPU.Build.0 = Debug|Any CPU
		{6AC024CA-76C9-4B78-8CDF-376A5BEEAC33}.Release|Any CPU.ActiveCfg = Release|Any CPU
		{6AC024CA-76C9-4B78-8CDF-376A5BEEAC33}.Release|Any CPU.Build.0 = Release|Any CPU
	EndGlobalSection
	GlobalSection(SolutionProperties) = preSolution
		HideSolutionNode = FALSE
	EndGlobalSection
	GlobalSection(ExtensibilityGlobals) = postSolution
		SolutionGuid = {EF20EBDF-9245-4BAC-917F-80E83CE23FF2}
	EndGlobalSection
EndGlobal
